
Microsoft Visual Studio Solution File, Format Version 12.00
# Visual Studio Version 17
VisualStudioVersion = 17.14.37027.9 d17.14
MinimumVisualStudioVersion = 10.0.40219.1
Project("{FAE04EC0-301F-11D3-BF4B-00C04F79EFBC}") = "DoAnMonWeb", "DoAnMonWeb\DoAnMonWeb.csproj", "{163E4E42-38C1-4BD9-A9C7-E6E0260A0D01}"
EndProject
Global
	GlobalSection(SolutionConfigurationPlatforms) = preSolution
		Debug|Any CPU = Debug|Any CPU
		Release|Any CPU = Release|Any CPU
	EndGlobalSection
	GlobalSection(ProjectConfigurationPlatforms) = postSolution
		{163E4E42-38C1-4BD9-A9C7-E6E0260A0D01}.Debug|Any CPU.ActiveCfg = Debug|Any CPU
		{163E4E42-38C1-4BD9-A9C7-E6E0260A0D01}.Debug|Any CPU.Build.0 = Debug|Any CPU
		{163E4E42-38C1-4BD9-A9C7-E6E0260A0D01}.Release|Any CPU.ActiveCfg = Release|Any CPU
		{163E4E42-38C1-4BD9-A9C7-E6E0260A0D01}.Release|Any CPU.Build.0 = Release|Any CPU
	EndGlobalSection
	GlobalSection(SolutionProperties) = preSolution
		HideSolutionNode = FALSE
	EndGlobalSection
	GlobalSection(ExtensibilityGlobals) = postSolution
		SolutionGuid = {33AEE4FB-0FC8-49B3-8212-6E451EF8EF2C}
	EndGlobalSection
EndGlobal
